
Microsoft Visual Studio Solution File, Format Version 12.00
# Visual Studio Version 17
VisualStudioVersion = 17.2.32630.192
MinimumVisualStudioVersion = 10.0.40219.1
Project("{9A19103F-16F7-4668-BE54-9A1E7A4F7556}") = "MVC_cubo", "MVC_cubo\MVC_cubo.csproj", "{9FA43AA4-1EC9-422E-86A0-D2599BE86FEE}"
EndProject
Project("{FAE04EC0-301F-11D3-BF4B-00C04F79EFBC}") = "CapaDatos", "CapaDatos\CapaDatos.csproj", "{2CB3E7B4-79AB-4896-B5A2-AA3E6EC6FF4A}"
EndProject
Project("{FAE04EC0-301F-11D3-BF4B-00C04F79EFBC}") = "CapaEntity", "CapaEntity\CapaEntity.csproj", "{407764DF-ECC1-4192-AF30-C6F654E800F9}"
EndProject
Project("{FAE04EC0-301F-11D3-BF4B-00C04F79EFBC}") = "CapaIOC", "CapaIOC\CapaIOC.csproj", "{09010B47-235B-48F2-B3BD-AE8F2BC5D44D}"
EndProject
Project("{FAE04EC0-301F-11D3-BF4B-00C04F79EFBC}") = "CapaReglasNegocio", "CapaReglasNegocio\CapaReglasNegocio.csproj", "{EF44B759-A90C-46AD-809B-2B620D95F1D6}"
EndProject
Global
	GlobalSection(SolutionConfigurationPlatforms) = preSolution
		Debug|Any CPU = Debug|Any CPU
		Release|Any CPU = Release|Any CPU
	EndGlobalSection
	GlobalSection(ProjectConfigurationPlatforms) = postSolution
		{9FA43AA4-1EC9-422E-86A0-D2599BE86FEE}.Debug|Any CPU.ActiveCfg = Debug|Any CPU
		{9FA43AA4-1EC9-422E-86A0-D2599BE86FEE}.Debug|Any CPU.Build.0 = Debug|Any CPU
		{9FA43AA4-1EC9-422E-86A0-D2599BE86FEE}.Release|Any CPU.ActiveCfg = Release|Any CPU
		{9FA43AA4-1EC9-422E-86A0-D2599BE86FEE}.Release|Any CPU.Build.0 = Release|Any CPU
		{2CB3E7B4-79AB-4896-B5A2-AA3E6EC6FF4A}.Debug|Any CPU.ActiveCfg = Debug|Any CPU
		{2CB3E7B4-79AB-4896-B5A2-AA3E6EC6FF4A}.Debug|Any CPU.Build.0 = Debug|Any CPU
		{2CB3E7B4-79AB-4896-B5A2-AA3E6EC6FF4A}.Release|Any CPU.ActiveCfg = Release|Any CPU
		{2CB3E7B4-79AB-4896-B5A2-AA3E6EC6FF4A}.Release|Any CPU.Build.0 = Release|Any CPU
		{407764DF-ECC1-4192-AF30-C6F654E800F9}.Debug|Any CPU.ActiveCfg = Debug|Any CPU
		{407764DF-ECC1-4192-AF30-C6F654E800F9}.Debug|Any CPU.Build.0 = Debug|Any CPU
		{407764DF-ECC1-4192-AF30-C6F654E800F9}.Release|Any CPU.ActiveCfg = Release|Any CPU
		{407764DF-ECC1-4192-AF30-C6F654E800F9}.Release|Any CPU.Build.0 = Release|Any CPU
		{09010B47-235B-48F2-B3BD-AE8F2BC5D44D}.Debug|Any CPU.ActiveCfg = Debug|Any CPU
		{09010B47-235B-48F2-B3BD-AE8F2BC5D44D}.Debug|Any CPU.Build.0 = Debug|Any CPU
		{09010B47-235B-48F2-B3BD-AE8F2BC5D44D}.Release|Any CPU.ActiveCfg = Release|Any CPU
		{09010B47-235B-48F2-B3BD-AE8F2BC5D44D}.Release|Any CPU.Build.0 = Release|Any CPU
		{EF44B759-A90C-46AD-809B-2B620D95F1D6}.Debug|Any CPU.ActiveCfg = Debug|Any CPU
		{EF44B759-A90C-46AD-809B-2B620D95F1D6}.Debug|Any CPU.Build.0 = Debug|Any CPU
		{EF44B759-A90C-46AD-809B-2B620D95F1D6}.Release|Any CPU.ActiveCfg = Release|Any CPU
		{EF44B759-A90C-46AD-809B-2B620D95F1D6}.Release|Any CPU.Build.0 = Release|Any CPU
	EndGlobalSection
	GlobalSection(SolutionProperties) = preSolution
		HideSolutionNode = FALSE
	EndGlobalSection
	GlobalSection(ExtensibilityGlobals) = postSolution
		SolutionGuid = {12037F09-1BD5-4135-9277-BEA8160593F1}
	EndGlobalSection
EndGlobal
